
Microsoft Visual Studio Solution File, Format Version 12.00
# Visual Studio Version 16
VisualStudioVersion = 16.0.31205.134
MinimumVisualStudioVersion = 10.0.40219.1
Project("{FAE04EC0-301F-11D3-BF4B-00C04F79EFBC}") = "TestProject", "TestProject\TestProject.csproj", "{0749D590-63ED-4813-BAA2-60B689E00A7A}"
EndProject
Project("{FAE04EC0-301F-11D3-BF4B-00C04F79EFBC}") = "WpfResourceLibrary", "WpfResourceLibrary\WpfResourceLibrary.csproj", "{01F7678D-1DEF-47A4-ADF0-8C10695BACE7}"
EndProject
Project("{FAE04EC0-301F-11D3-BF4B-00C04F79EFBC}") = "CustomControlsLibrary", "CustomControlsLibrary\CustomControlsLibrary.csproj", "{C6C22F82-00F1-4B6A-BD10-A3786E035B3C}"
EndProject
Project("{FAE04EC0-301F-11D3-BF4B-00C04F79EFBC}") = "ContactsLibrary", "ContactsLibrary\ContactsLibrary.csproj", "{9AE47D6B-7C6E-474A-BFE5-96AB980DF3BD}"
EndProject
Project("{FAE04EC0-301F-11D3-BF4B-00C04F79EFBC}") = "ContactsModule", "ContactsModule\ContactsModule.csproj", "{9AFE5A3A-4CBF-4459-9F24-39BCE1B403CF}"
EndProject
Global
	GlobalSection(SolutionConfigurationPlatforms) = preSolution
		Debug|Any CPU = Debug|Any CPU
		Release|Any CPU = Release|Any CPU
	EndGlobalSection
	GlobalSection(ProjectConfigurationPlatforms) = postSolution
		{0749D590-63ED-4813-BAA2-60B689E00A7A}.Debug|Any CPU.ActiveCfg = Debug|Any CPU
		{0749D590-63ED-4813-BAA2-60B689E00A7A}.Debug|Any CPU.Build.0 = Debug|Any CPU
		{0749D590-63ED-4813-BAA2-60B689E00A7A}.Release|Any CPU.ActiveCfg = Release|Any CPU
		{0749D590-63ED-4813-BAA2-60B689E00A7A}.Release|Any CPU.Build.0 = Release|Any CPU
		{01F7678D-1DEF-47A4-ADF0-8C10695BACE7}.Debug|Any CPU.ActiveCfg = Debug|Any CPU
		{01F7678D-1DEF-47A4-ADF0-8C10695BACE7}.Debug|Any CPU.Build.0 = Debug|Any CPU
		{01F7678D-1DEF-47A4-ADF0-8C10695BACE7}.Release|Any CPU.ActiveCfg = Release|Any CPU
		{01F7678D-1DEF-47A4-ADF0-8C10695BACE7}.Release|Any CPU.Build.0 = Release|Any CPU
		{C6C22F82-00F1-4B6A-BD10-A3786E035B3C}.Debug|Any CPU.ActiveCfg = Debug|Any CPU
		{C6C22F82-00F1-4B6A-BD10-A3786E035B3C}.Debug|Any CPU.Build.0 = Debug|Any CPU
		{C6C22F82-00F1-4B6A-BD10-A3786E035B3C}.Release|Any CPU.ActiveCfg = Release|Any CPU
		{C6C22F82-00F1-4B6A-BD10-A3786E035B3C}.Release|Any CPU.Build.0 = Release|Any CPU
		{9AE47D6B-7C6E-474A-BFE5-96AB980DF3BD}.Debug|Any CPU.ActiveCfg = Debug|Any CPU
		{9AE47D6B-7C6E-474A-BFE5-96AB980DF3BD}.Debug|Any CPU.Build.0 = Debug|Any CPU
		{9AE47D6B-7C6E-474A-BFE5-96AB980DF3BD}.Release|Any CPU.ActiveCfg = Release|Any CPU
		{9AE47D6B-7C6E-474A-BFE5-96AB980DF3BD}.Release|Any CPU.Build.0 = Release|Any CPU
		{9AFE5A3A-4CBF-4459-9F24-39BCE1B403CF}.Debug|Any CPU.ActiveCfg = Debug|Any CPU
		{9AFE5A3A-4CBF-4459-9F24-39BCE1B403CF}.Debug|Any CPU.Build.0 = Debug|Any CPU
		{9AFE5A3A-4CBF-4459-9F24-39BCE1B403CF}.Release|Any CPU.ActiveCfg = Release|Any CPU
		{9AFE5A3A-4CBF-4459-9F24-39BCE1B403CF}.Release|Any CPU.Build.0 = Release|Any CPU
	EndGlobalSection
	GlobalSection(SolutionProperties) = preSolution
		HideSolutionNode = FALSE
	EndGlobalSection
	GlobalSection(ExtensibilityGlobals) = postSolution
		SolutionGuid = {EBE1586A-B391-4F35-B0CA-2617E044CD17}
	EndGlobalSection
EndGlobal
